
Microsoft Visual Studio Solution File, Format Version 12.00
# Visual Studio 15
VisualStudioVersion = 15.0.28307.757
MinimumVisualStudioVersion = 10.0.40219.1
Project("{FAE04EC0-301F-11D3-BF4B-00C04F79EFBC}") = "SN_WebApi", "SN_WebApi\SN_WebApi.csproj", "{203CBDDB-B013-4BAA-9A41-A2612CDE8E7E}"
EndProject
Project("{FAE04EC0-301F-11D3-BF4B-00C04F79EFBC}") = "SN_WebMVC", "SN_WebMVC\SN_WebMVC.csproj", "{81E9CFA7-3B14-4ED8-B0EF-86EC7F595C87}"
EndProject
Project("{2150E333-8FDC-42A3-9474-1A3956D46DE8}") = "Presentation Layer", "Presentation Layer", "{E8CDDD74-4452-497B-929E-1124665A98F2}"
EndProject
Project("{2150E333-8FDC-42A3-9474-1A3956D46DE8}") = "Data Access Layer", "Data Access Layer", "{96F5BA48-8948-4738-BB09-7F2AB0222F24}"
EndProject
Project("{2150E333-8FDC-42A3-9474-1A3956D46DE8}") = "Application Layer", "Application Layer", "{2775AE3E-3CB2-47E0-8AB2-006EA3A20B89}"
EndProject
Project("{FAE04EC0-301F-11D3-BF4B-00C04F79EFBC}") = "Data", "Data\Data.csproj", "{70C106C7-935F-487B-B874-194232BD3DB4}"
EndProject
Project("{FAE04EC0-301F-11D3-BF4B-00C04F79EFBC}") = "Core", "Core\Core.csproj", "{107BCDC3-A5C5-453E-8A6C-63362E5B2549}"
EndProject
Global
	GlobalSection(SolutionConfigurationPlatforms) = preSolution
		Debug|Any CPU = Debug|Any CPU
		Release|Any CPU = Release|Any CPU
	EndGlobalSection
	GlobalSection(ProjectConfigurationPlatforms) = postSolution
		{203CBDDB-B013-4BAA-9A41-A2612CDE8E7E}.Debug|Any CPU.ActiveCfg = Debug|Any CPU
		{203CBDDB-B013-4BAA-9A41-A2612CDE8E7E}.Debug|Any CPU.Build.0 = Debug|Any CPU
		{203CBDDB-B013-4BAA-9A41-A2612CDE8E7E}.Release|Any CPU.ActiveCfg = Release|Any CPU
		{203CBDDB-B013-4BAA-9A41-A2612CDE8E7E}.Release|Any CPU.Build.0 = Release|Any CPU
		{81E9CFA7-3B14-4ED8-B0EF-86EC7F595C87}.Debug|Any CPU.ActiveCfg = Debug|Any CPU
		{81E9CFA7-3B14-4ED8-B0EF-86EC7F595C87}.Debug|Any CPU.Build.0 = Debug|Any CPU
		{81E9CFA7-3B14-4ED8-B0EF-86EC7F595C87}.Release|Any CPU.ActiveCfg = Release|Any CPU
		{81E9CFA7-3B14-4ED8-B0EF-86EC7F595C87}.Release|Any CPU.Build.0 = Release|Any CPU
		{70C106C7-935F-487B-B874-194232BD3DB4}.Debug|Any CPU.ActiveCfg = Debug|Any CPU
		{70C106C7-935F-487B-B874-194232BD3DB4}.Debug|Any CPU.Build.0 = Debug|Any CPU
		{70C106C7-935F-487B-B874-194232BD3DB4}.Release|Any CPU.ActiveCfg = Release|Any CPU
		{70C106C7-935F-487B-B874-194232BD3DB4}.Release|Any CPU.Build.0 = Release|Any CPU
		{107BCDC3-A5C5-453E-8A6C-63362E5B2549}.Debug|Any CPU.ActiveCfg = Debug|Any CPU
		{107BCDC3-A5C5-453E-8A6C-63362E5B2549}.Debug|Any CPU.Build.0 = Debug|Any CPU
		{107BCDC3-A5C5-453E-8A6C-63362E5B2549}.Release|Any CPU.ActiveCfg = Release|Any CPU
		{107BCDC3-A5C5-453E-8A6C-63362E5B2549}.Release|Any CPU.Build.0 = Release|Any CPU
	EndGlobalSection
	GlobalSection(SolutionProperties) = preSolution
		HideSolutionNode = FALSE
	EndGlobalSection
	GlobalSection(NestedProjects) = preSolution
		{203CBDDB-B013-4BAA-9A41-A2612CDE8E7E} = {2775AE3E-3CB2-47E0-8AB2-006EA3A20B89}
		{81E9CFA7-3B14-4ED8-B0EF-86EC7F595C87} = {E8CDDD74-4452-497B-929E-1124665A98F2}
		{70C106C7-935F-487B-B874-194232BD3DB4} = {96F5BA48-8948-4738-BB09-7F2AB0222F24}
		{107BCDC3-A5C5-453E-8A6C-63362E5B2549} = {96F5BA48-8948-4738-BB09-7F2AB0222F24}
	EndGlobalSection
	GlobalSection(ExtensibilityGlobals) = postSolution
		SolutionGuid = {28FF2E02-F877-4059-ABB7-B2C886D29A7D}
	EndGlobalSection
EndGlobal
